// !$*UTF8*$!
{
	archiveVersion = 1;
	classes = {
	};
	objectVersion = 56;
	objects = {

/* Begin PBXBuildFile section */
		D685C6DD2BD8B793009AB097 /* CameraViewModel.swift in Sources */ = {isa = PBXBuildFile; fileRef = D685C6DC2BD8B793009AB097 /* CameraViewModel.swift */; };
		D685C6DF2BD8C390009AB097 /* OCRCameraView.swift in Sources */ = {isa = PBXBuildFile; fileRef = D685C6DE2BD8C390009AB097 /* OCRCameraView.swift */; };
		D685C6F02BD8E908009AB097 /* OCRViewController.swift in Sources */ = {isa = PBXBuildFile; fileRef = D685C6EF2BD8E908009AB097 /* OCRViewController.swift */; };
		D685C6F42BD8E930009AB097 /* Extension.swift in Sources */ = {isa = PBXBuildFile; fileRef = D685C6F32BD8E930009AB097 /* Extension.swift */; };
		D685C6F72BD90367009AB097 /* OCRResultView.swift in Sources */ = {isa = PBXBuildFile; fileRef = D685C6F62BD90367009AB097 /* OCRResultView.swift */; };
		D698BC9E2BBAB134007E6556 /* OCRPracticeApp.swift in Sources */ = {isa = PBXBuildFile; fileRef = D698BC9D2BBAB134007E6556 /* OCRPracticeApp.swift */; };
		D698BCA02BBAB134007E6556 /* ContentView.swift in Sources */ = {isa = PBXBuildFile; fileRef = D698BC9F2BBAB134007E6556 /* ContentView.swift */; };
		D698BCA22BBAB135007E6556 /* Assets.xcassets in Resources */ = {isa = PBXBuildFile; fileRef = D698BCA12BBAB135007E6556 /* Assets.xcassets */; };
		D698BCA52BBAB135007E6556 /* Preview Assets.xcassets in Resources */ = {isa = PBXBuildFile; fileRef = D698BCA42BBAB135007E6556 /* Preview Assets.xcassets */; };
		D698BCAC2BBAB183007E6556 /* Scanner.swift in Sources */ = {isa = PBXBuildFile; fileRef = D698BCAB2BBAB183007E6556 /* Scanner.swift */; };
/* End PBXBuildFile section */

/* Begin PBXFileReference section */
		D685C6DC2BD8B793009AB097 /* CameraViewModel.swift */ = {isa = PBXFileReference; lastKnownFileType = sourcecode.swift; path = CameraViewModel.swift; sourceTree = "<group>"; };
		D685C6DE2BD8C390009AB097 /* OCRCameraView.swift */ = {isa = PBXFileReference; lastKnownFileType = sourcecode.swift; path = OCRCameraView.swift; sourceTree = "<group>"; };
		D685C6E12BD8C5E6009AB097 /* CoreAudioTypes.framework */ = {isa = PBXFileReference; lastKnownFileType = wrapper.framework; name = CoreAudioTypes.framework; path = System/Library/Frameworks/CoreAudioTypes.framework; sourceTree = SDKROOT; };
		D685C6E32BD8C5FF009AB097 /* CoreAudio.framework */ = {isa = PBXFileReference; lastKnownFileType = wrapper.framework; name = CoreAudio.framework; path = System/Library/Frameworks/CoreAudio.framework; sourceTree = SDKROOT; };
		D685C6E52BD8C608009AB097 /* CoreAudioKit.framework */ = {isa = PBXFileReference; lastKnownFileType = wrapper.framework; name = CoreAudioKit.framework; path = System/Library/Frameworks/CoreAudioKit.framework; sourceTree = SDKROOT; };
		D685C6EF2BD8E908009AB097 /* OCRViewController.swift */ = {isa = PBXFileReference; lastKnownFileType = sourcecode.swift; path = OCRViewController.swift; sourceTree = "<group>"; };
		D685C6F32BD8E930009AB097 /* Extension.swift */ = {isa = PBXFileReference; lastKnownFileType = sourcecode.swift; path = Extension.swift; sourceTree = "<group>"; };
		D685C6F62BD90367009AB097 /* OCRResultView.swift */ = {isa = PBXFileReference; lastKnownFileType = sourcecode.swift; path = OCRResultView.swift; sourceTree = "<group>"; };
		D698BC9A2BBAB134007E6556 /* OCRPractice.app */ = {isa = PBXFileReference; explicitFileType = wrapper.application; includeInIndex = 0; path = OCRPractice.app; sourceTree = BUILT_PRODUCTS_DIR; };
		D698BC9D2BBAB134007E6556 /* OCRPracticeApp.swift */ = {isa = PBXFileReference; lastKnownFileType = sourcecode.swift; path = OCRPracticeApp.swift; sourceTree = "<group>"; };
		D698BC9F2BBAB134007E6556 /* ContentView.swift */ = {isa = PBXFileReference; lastKnownFileType = sourcecode.swift; path = ContentView.swift; sourceTree = "<group>"; };
		D698BCA12BBAB135007E6556 /* Assets.xcassets */ = {isa = PBXFileReference; lastKnownFileType = folder.assetcatalog; path = Assets.xcassets; sourceTree = "<group>"; };
		D698BCA42BBAB135007E6556 /* Preview Assets.xcassets */ = {isa = PBXFileReference; lastKnownFileType = folder.assetcatalog; path = "Preview Assets.xcassets"; sourceTree = "<group>"; };
		D698BCAB2BBAB183007E6556 /* Scanner.swift */ = {isa = PBXFileReference; lastKnownFileType = sourcecode.swift; path = Scanner.swift; sourceTree = "<group>"; };
/* End PBXFileReference section */

/* Begin PBXFrameworksBuildPhase section */
		D698BC972BBAB134007E6556 /* Frameworks */ = {
			isa = PBXFrameworksBuildPhase;
			buildActionMask = 2147483647;
			files = (
			);
			runOnlyForDeploymentPostprocessing = 0;
		};
/* End PBXFrameworksBuildPhase section */

/* Begin PBXGroup section */
		D685C6E02BD8C5E6009AB097 /* Frameworks */ = {
			isa = PBXGroup;
			children = (
				D685C6E52BD8C608009AB097 /* CoreAudioKit.framework */,
				D685C6E32BD8C5FF009AB097 /* CoreAudio.framework */,
				D685C6E12BD8C5E6009AB097 /* CoreAudioTypes.framework */,
			);
			name = Frameworks;
			sourceTree = "<group>";
		};
		D685C6F12BD8E919009AB097 /* Utils */ = {
			isa = PBXGroup;
			children = (
				D685C6F32BD8E930009AB097 /* Extension.swift */,
			);
			path = Utils;
			sourceTree = "<group>";
		};
		D685C6F22BD8E91D009AB097 /* View */ = {
			isa = PBXGroup;
			children = (
				D685C6DE2BD8C390009AB097 /* OCRCameraView.swift */,
				D685C6EF2BD8E908009AB097 /* OCRViewController.swift */,
				D685C6F62BD90367009AB097 /* OCRResultView.swift */,
			);
			path = View;
			sourceTree = "<group>";
		};
		D685C6F52BD8E95A009AB097 /* Logic */ = {
			isa = PBXGroup;
			children = (
				D685C6DC2BD8B793009AB097 /* CameraViewModel.swift */,
				D698BCAB2BBAB183007E6556 /* Scanner.swift */,
			);
			path = Logic;
			sourceTree = "<group>";
		};
		D698BC912BBAB134007E6556 = {
			isa = PBXGroup;
			children = (
				D698BC9C2BBAB134007E6556 /* OCRPractice */,
				D698BC9B2BBAB134007E6556 /* Products */,
				D685C6E02BD8C5E6009AB097 /* Frameworks */,
			);
			sourceTree = "<group>";
		};
		D698BC9B2BBAB134007E6556 /* Products */ = {
			isa = PBXGroup;
			children = (
				D698BC9A2BBAB134007E6556 /* OCRPractice.app */,
			);
			name = Products;
			sourceTree = "<group>";
		};
		D698BC9C2BBAB134007E6556 /* OCRPractice */ = {
			isa = PBXGroup;
			children = (
				D685C6F52BD8E95A009AB097 /* Logic */,
				D698BC9D2BBAB134007E6556 /* OCRPracticeApp.swift */,
				D685C6F22BD8E91D009AB097 /* View */,
				D685C6F12BD8E919009AB097 /* Utils */,
				D698BC9F2BBAB134007E6556 /* ContentView.swift */,
				D698BCA12BBAB135007E6556 /* Assets.xcassets */,
				D698BCA32BBAB135007E6556 /* Preview Content */,
			);
			path = OCRPractice;
			sourceTree = "<group>";
		};
		D698BCA32BBAB135007E6556 /* Preview Content */ = {
			isa = PBXGroup;
			children = (
				D698BCA42BBAB135007E6556 /* Preview Assets.xcassets */,
			);
			path = "Preview Content";
			sourceTree = "<group>";
		};
/* End PBXGroup section */

/* Begin PBXNativeTarget section */
		D698BC992BBAB134007E6556 /* OCRPractice */ = {
			isa = PBXNativeTarget;
			buildConfigurationList = D698BCA82BBAB135007E6556 /* Build configuration list for PBXNativeTarget "OCRPractice" */;
			buildPhases = (
				D698BC962BBAB134007E6556 /* Sources */,
				D698BC972BBAB134007E6556 /* Frameworks */,
				D698BC982BBAB134007E6556 /* Resources */,
			);
			buildRules = (
			);
			dependencies = (
			);
			name = OCRPractice;
			productName = OCRPractice;
			productReference = D698BC9A2BBAB134007E6556 /* OCRPractice.app */;
			productType = "com.apple.product-type.application";
		};
/* End PBXNativeTarget section */

/* Begin PBXProject section */
		D698BC922BBAB134007E6556 /* Project object */ = {
			isa = PBXProject;
			attributes = {
				BuildIndependentTargetsInParallel = 1;
				LastSwiftUpdateCheck = 1530;
				LastUpgradeCheck = 1530;
				TargetAttributes = {
					D698BC992BBAB134007E6556 = {
						CreatedOnToolsVersion = 15.3;
					};
				};
			};
			buildConfigurationList = D698BC952BBAB134007E6556 /* Build configuration list for PBXProject "OCRPractice" */;
			compatibilityVersion = "Xcode 14.0";
			developmentRegion = en;
			hasScannedForEncodings = 0;
			knownRegions = (
				en,
				Base,
			);
			mainGroup = D698BC912BBAB134007E6556;
			productRefGroup = D698BC9B2BBAB134007E6556 /* Products */;
			projectDirPath = "";
			projectRoot = "";
			targets = (
				D698BC992BBAB134007E6556 /* OCRPractice */,
			);
		};
/* End PBXProject section */

/* Begin PBXResourcesBuildPhase section */
		D698BC982BBAB134007E6556 /* Resources */ = {
			isa = PBXResourcesBuildPhase;
			buildActionMask = 2147483647;
			files = (
				D698BCA52BBAB135007E6556 /* Preview Assets.xcassets in Resources */,
				D698BCA22BBAB135007E6556 /* Assets.xcassets in Resources */,
			);
			runOnlyForDeploymentPostprocessing = 0;
		};
/* End PBXResourcesBuildPhase section */

/* Begin PBXSourcesBuildPhase section */
		D698BC962BBAB134007E6556 /* Sources */ = {
			isa = PBXSourcesBuildPhase;
			buildActionMask = 2147483647;
			files = (
				D698BCA02BBAB134007E6556 /* ContentView.swift in Sources */,
				D698BCAC2BBAB183007E6556 /* Scanner.swift in Sources */,
				D685C6F42BD8E930009AB097 /* Extension.swift in Sources */,
				D685C6DD2BD8B793009AB097 /* CameraViewModel.swift in Sources */,
				D685C6F72BD90367009AB097 /* OCRResultView.swift in Sources */,
				D685C6DF2BD8C390009AB097 /* OCRCameraView.swift in Sources */,
				D698BC9E2BBAB134007E6556 /* OCRPracticeApp.swift in Sources */,
				D685C6F02BD8E908009AB097 /* OCRViewController.swift in Sources */,
			);
			runOnlyForDeploymentPostprocessing = 0;
		};
/* End PBXSourcesBuildPhase section */

/* Begin XCBuildConfiguration section */
		D698BCA62BBAB135007E6556 /* Debug */ = {
			isa = XCBuildConfiguration;
			buildSettings = {
				ALWAYS_SEARCH_USER_PATHS = NO;
				ASSETCATALOG_COMPILER_GENERATE_SWIFT_ASSET_SYMBOL_EXTENSIONS = YES;
				CLANG_ANALYZER_NONNULL = YES;
				CLANG_ANALYZER_NUMBER_OBJECT_CONVERSION = YES_AGGRESSIVE;
				CLANG_CXX_LANGUAGE_STANDARD = "gnu++20";
				CLANG_ENABLE_MODULES = YES;
				CLANG_ENABLE_OBJC_ARC = YES;
				CLANG_ENABLE_OBJC_WEAK = YES;
				CLANG_WARN_BLOCK_CAPTURE_AUTORELEASING = YES;
				CLANG_WARN_BOOL_CONVERSION = YES;
				CLANG_WARN_COMMA = YES;
				CLANG_WARN_CONSTANT_CONVERSION = YES;
				CLANG_WARN_DEPRECATED_OBJC_IMPLEMENTATIONS = YES;
				CLANG_WARN_DIRECT_OBJC_ISA_USAGE = YES_ERROR;
				CLANG_WARN_DOCUMENTATION_COMMENTS = YES;
				CLANG_WARN_EMPTY_BODY = YES;
				CLANG_WARN_ENUM_CONVERSION = YES;
				CLANG_WARN_INFINITE_RECURSION = YES;
				CLANG_WARN_INT_CONVERSION = YES;
				CLANG_WARN_NON_LITERAL_NULL_CONVERSION = YES;
				CLANG_WARN_OBJC_IMPLICIT_RETAIN_SELF = YES;
				CLANG_WARN_OBJC_LITERAL_CONVERSION = YES;
				CLANG_WARN_OBJC_ROOT_CLASS = YES_ERROR;
				CLANG_WARN_QUOTED_INCLUDE_IN_FRAMEWORK_HEADER = YES;
				CLANG_WARN_RANGE_LOOP_ANALYSIS = YES;
				CLANG_WARN_STRICT_PROTOTYPES = YES;
				CLANG_WARN_SUSPICIOUS_MOVE = YES;
				CLANG_WARN_UNGUARDED_AVAILABILITY = YES_AGGRESSIVE;
				CLANG_WARN_UNREACHABLE_CODE = YES;
				CLANG_WARN__DUPLICATE_METHOD_MATCH = YES;
				COPY_PHASE_STRIP = NO;
				DEBUG_INFORMATION_FORMAT = dwarf;
				ENABLE_STRICT_OBJC_MSGSEND = YES;
				ENABLE_TESTABILITY = YES;
				ENABLE_USER_SCRIPT_SANDBOXING = YES;
				GCC_C_LANGUAGE_STANDARD = gnu17;
				GCC_DYNAMIC_NO_PIC = NO;
				GCC_NO_COMMON_BLOCKS = YES;
				GCC_OPTIMIZATION_LEVEL = 0;
				GCC_PREPROCESSOR_DEFINITIONS = (
					"DEBUG=1",
					"$(inherited)",
				);
				GCC_WARN_64_TO_32_BIT_CONVERSION = YES;
				GCC_WARN_ABOUT_RETURN_TYPE = YES_ERROR;
				GCC_WARN_UNDECLARED_SELECTOR = YES;
				GCC_WARN_UNINITIALIZED_AUTOS = YES_AGGRESSIVE;
				GCC_WARN_UNUSED_FUNCTION = YES;
				GCC_WARN_UNUSED_VARIABLE = YES;
				IPHONEOS_DEPLOYMENT_TARGET = 17.4;
				LOCALIZATION_PREFERS_STRING_CATALOGS = YES;
				MTL_ENABLE_DEBUG_INFO = INCLUDE_SOURCE;
				MTL_FAST_MATH = YES;
				ONLY_ACTIVE_ARCH = YES;
				SDKROOT = iphoneos;
				SWIFT_ACTIVE_COMPILATION_CONDITIONS = "DEBUG $(inherited)";
				SWIFT_OPTIMIZATION_LEVEL = "-Onone";
			};
			name = Debug;
		};
		D698BCA72BBAB135007E6556 /* Release */ = {
			isa = XCBuildConfiguration;
			buildSettings = {
				ALWAYS_SEARCH_USER_PATHS = NO;
				ASSETCATALOG_COMPILER_GENERATE_SWIFT_ASSET_SYMBOL_EXTENSIONS = YES;
				CLANG_ANALYZER_NONNULL = YES;
				CLANG_ANALYZER_NUMBER_OBJECT_CONVERSION = YES_AGGRESSIVE;
				CLANG_CXX_LANGUAGE_STANDARD = "gnu++20";
				CLANG_ENABLE_MODULES = YES;
				CLANG_ENABLE_OBJC_ARC = YES;
				CLANG_ENABLE_OBJC_WEAK = YES;
				CLANG_WARN_BLOCK_CAPTURE_AUTORELEASING = YES;
				CLANG_WARN_BOOL_CONVERSION = YES;
				CLANG_WARN_COMMA = YES;
				CLANG_WARN_CONSTANT_CONVERSION = YES;
				CLANG_WARN_DEPRECATED_OBJC_IMPLEMENTATIONS = YES;
				CLANG_WARN_DIRECT_OBJC_ISA_USAGE = YES_ERROR;
				CLANG_WARN_DOCUMENTATION_COMMENTS = YES;
				CLANG_WARN_EMPTY_BODY = YES;
				CLANG_WARN_ENUM_CONVERSION = YES;
				CLANG_WARN_INFINITE_RECURSION = YES;
				CLANG_WARN_INT_CONVERSION = YES;
				CLANG_WARN_NON_LITERAL_NULL_CONVERSION = YES;
				CLANG_WARN_OBJC_IMPLICIT_RETAIN_SELF = YES;
				CLANG_WARN_OBJC_LITERAL_CONVERSION = YES;
				CLANG_WARN_OBJC_ROOT_CLASS = YES_ERROR;
				CLANG_WARN_QUOTED_INCLUDE_IN_FRAMEWORK_HEADER = YES;
				CLANG_WARN_RANGE_LOOP_ANALYSIS = YES;
				CLANG_WARN_STRICT_PROTOTYPES = YES;
				CLANG_WARN_SUSPICIOUS_MOVE = YES;
				CLANG_WARN_UNGUARDED_AVAILABILITY = YES_AGGRESSIVE;
				CLANG_WARN_UNREACHABLE_CODE = YES;
				CLANG_WARN__DUPLICATE_METHOD_MATCH = YES;
				COPY_PHASE_STRIP = NO;
				DEBUG_INFORMATION_FORMAT = "dwarf-with-dsym";
				ENABLE_NS_ASSERTIONS = NO;
				ENABLE_STRICT_OBJC_MSGSEND = YES;
				ENABLE_USER_SCRIPT_SANDBOXING = YES;
				GCC_C_LANGUAGE_STANDARD = gnu17;
				GCC_NO_COMMON_BLOCKS = YES;
				GCC_WARN_64_TO_32_BIT_CONVERSION = YES;
				GCC_WARN_ABOUT_RETURN_TYPE = YES_ERROR;
				GCC_WARN_UNDECLARED_SELECTOR = YES;
				GCC_WARN_UNINITIALIZED_AUTOS = YES_AGGRESSIVE;
				GCC_WARN_UNUSED_FUNCTION = YES;
				GCC_WARN_UNUSED_VARIABLE = YES;
				IPHONEOS_DEPLOYMENT_TARGET = 17.4;
				LOCALIZATION_PREFERS_STRING_CATALOGS = YES;
				MTL_ENABLE_DEBUG_INFO = NO;
				MTL_FAST_MATH = YES;
				SDKROOT = iphoneos;
				SWIFT_COMPILATION_MODE = wholemodule;
				VALIDATE_PRODUCT = YES;
			};
			name = Release;
		};
		D698BCA92BBAB135007E6556 /* Debug */ = {
			isa = XCBuildConfiguration;
			buildSettings = {
				ASSETCATALOG_COMPILER_APPICON_NAME = AppIcon;
				ASSETCATALOG_COMPILER_GLOBAL_ACCENT_COLOR_NAME = AccentColor;
				CODE_SIGN_STYLE = Automatic;
				CURRENT_PROJECT_VERSION = 1;
				DEVELOPMENT_ASSET_PATHS = "\"OCRPractice/Preview Content\"";
				DEVELOPMENT_TEAM = 2YJXRFH75A;
				ENABLE_PREVIEWS = YES;
				GENERATE_INFOPLIST_FILE = YES;
				INFOPLIST_KEY_NSCameraUsageDescription = "";
				INFOPLIST_KEY_NSPhotoLibraryUsageDescription = "";
				INFOPLIST_KEY_UIApplicationSceneManifest_Generation = YES;
				INFOPLIST_KEY_UIApplicationSupportsIndirectInputEvents = YES;
				INFOPLIST_KEY_UILaunchScreen_Generation = YES;
				INFOPLIST_KEY_UISupportedInterfaceOrientations_iPad = "UIInterfaceOrientationPortrait UIInterfaceOrientationPortraitUpsideDown UIInterfaceOrientationLandscapeLeft UIInterfaceOrientationLandscapeRight";
				INFOPLIST_KEY_UISupportedInterfaceOrientations_iPhone = "UIInterfaceOrientationPortrait UIInterfaceOrientationLandscapeLeft UIInterfaceOrientationLandscapeRight";
				IPHONEOS_DEPLOYMENT_TARGET = 16.0;
				LD_RUNPATH_SEARCH_PATHS = (
					"$(inherited)",
					"@executable_path/Frameworks",
				);
				MARKETING_VERSION = 1.0;
				PRODUCT_BUNDLE_IDENTIFIER = com.sunny.OCRPractice;
				PRODUCT_NAME = "$(TARGET_NAME)";
				SWIFT_EMIT_LOC_STRINGS = YES;
				SWIFT_VERSION = 5.0;
				TARGETED_DEVICE_FAMILY = "1,2";
			};
			name = Debug;
		};
		D698BCAA2BBAB135007E6556 /* Release */ = {
			isa = XCBuildConfiguration;
			buildSettings = {
				ASSETCATALOG_COMPILER_APPICON_NAME = AppIcon;
				ASSETCATALOG_COMPILER_GLOBAL_ACCENT_COLOR_NAME = AccentColor;
				CODE_SIGN_STYLE = Automatic;
				CURRENT_PROJECT_VERSION = 1;
				DEVELOPMENT_ASSET_PATHS = "\"OCRPractice/Preview Content\"";
				DEVELOPMENT_TEAM = 2YJXRFH75A;
				ENABLE_PREVIEWS = YES;
				GENERATE_INFOPLIST_FILE = YES;
				INFOPLIST_KEY_NSCameraUsageDescription = "";
				INFOPLIST_KEY_NSPhotoLibraryUsageDescription = "";
				INFOPLIST_KEY_UIApplicationSceneManifest_Generation = YES;
				INFOPLIST_KEY_UIApplicationSupportsIndirectInputEvents = YES;
				INFOPLIST_KEY_UILaunchScreen_Generation = YES;
				INFOPLIST_KEY_UISupportedInterfaceOrientations_iPad = "UIInterfaceOrientationPortrait UIInterfaceOrientationPortraitUpsideDown UIInterfaceOrientationLandscapeLeft UIInterfaceOrientationLandscapeRight";
				INFOPLIST_KEY_UISupportedInterfaceOrientations_iPhone = "UIInterfaceOrientationPortrait UIInterfaceOrientationLandscapeLeft UIInterfaceOrientationLandscapeRight";
				IPHONEOS_DEPLOYMENT_TARGET = 16.0;
				LD_RUNPATH_SEARCH_PATHS = (
					"$(inherited)",
					"@executable_path/Frameworks",
				);
				MARKETING_VERSION = 1.0;
				PRODUCT_BUNDLE_IDENTIFIER = com.sunny.OCRPractice;
				PRODUCT_NAME = "$(TARGET_NAME)";
				SWIFT_EMIT_LOC_STRINGS = YES;
				SWIFT_VERSION = 5.0;
				TARGETED_DEVICE_FAMILY = "1,2";
			};
			name = Release;
		};
/* End XCBuildConfiguration section */

/* Begin XCConfigurationList section */
		D698BC952BBAB134007E6556 /* Build configuration list for PBXProject "OCRPractice" */ = {
			isa = XCConfigurationList;
			buildConfigurations = (
				D698BCA62BBAB135007E6556 /* Debug */,
				D698BCA72BBAB135007E6556 /* Release */,
			);
			defaultConfigurationIsVisible = 0;
			defaultConfigurationName = Release;
		};
		D698BCA82BBAB135007E6556 /* Build configuration list for PBXNativeTarget "OCRPractice" */ = {
			isa = XCConfigurationList;
			buildConfigurations = (
				D698BCA92BBAB135007E6556 /* Debug */,
				D698BCAA2BBAB135007E6556 /* Release */,
			);
			defaultConfigurationIsVisible = 0;
			defaultConfigurationName = Release;
		};
/* End XCConfigurationList section */
	};
	rootObject = D698BC922BBAB134007E6556 /* Project object */;
}
